
Microsoft Visual Studio Solution File, Format Version 12.00
# Visual Studio 14
VisualStudioVersion = 14.0.24720.0
MinimumVisualStudioVersion = 10.0.40219.1
Project("{F184B08F-C81C-45F6-A57F-5ABD9991F28F}") = "FixCameraDate", "FixCameraDate\FixCameraDate.vbproj", "{DE113306-779C-479D-9C03-9D77E094630E}"
EndProject
Project("{FAE04EC0-301F-11D3-BF4B-00C04F79EFBC}") = "FixCrossPlat", "FixCrossPlat\vs\FixCrossPlat.csproj", "{F671D47F-3CE7-41CC-979D-6B3E3CF60F67}"
EndProject
Project("{2150E333-8FDC-42A3-9474-1A3956D46DE8}") = "Solution Items", "Solution Items", "{471B4EAD-C6EB-4A4D-814E-7097F1F3D728}"
	ProjectSection(SolutionItems) = preProject
		README.md = README.md
		readme1.png = readme1.png
		readme2.png = readme2.png
		readme3.png = readme3.png
		readme4.png = readme4.png
		readme5.png = readme5.png
		readme6.png = readme6.png
		readme7.png = readme7.png
		readme8.png = readme8.png
		spec.md = spec.md
	EndProjectSection
EndProject
Global
	GlobalSection(SolutionConfigurationPlatforms) = preSolution
		Debug|Any CPU = Debug|Any CPU
		Release|Any CPU = Release|Any CPU
	EndGlobalSection
	GlobalSection(ProjectConfigurationPlatforms) = postSolution
		{DE113306-779C-479D-9C03-9D77E094630E}.Debug|Any CPU.ActiveCfg = Debug|Any CPU
		{DE113306-779C-479D-9C03-9D77E094630E}.Debug|Any CPU.Build.0 = Debug|Any CPU
		{DE113306-779C-479D-9C03-9D77E094630E}.Release|Any CPU.ActiveCfg = Release|Any CPU
		{DE113306-779C-479D-9C03-9D77E094630E}.Release|Any CPU.Build.0 = Release|Any CPU
		{F671D47F-3CE7-41CC-979D-6B3E3CF60F67}.Debug|Any CPU.ActiveCfg = Debug|Any CPU
		{F671D47F-3CE7-41CC-979D-6B3E3CF60F67}.Debug|Any CPU.Build.0 = Debug|Any CPU
		{F671D47F-3CE7-41CC-979D-6B3E3CF60F67}.Release|Any CPU.ActiveCfg = Release|Any CPU
		{F671D47F-3CE7-41CC-979D-6B3E3CF60F67}.Release|Any CPU.Build.0 = Release|Any CPU
	EndGlobalSection
	GlobalSection(SolutionProperties) = preSolution
		HideSolutionNode = FALSE
	EndGlobalSection
EndGlobal
